// !$*UTF8*$!
{
	archiveVersion = 1;
	classes = {
	};
	objectVersion = 46;
	objects = {

/* Begin PBXBuildFile section */
		DF153F30180AB6EB000AE3AF /* TWBTwitterAccountsViewController.m in Sources */ = {isa = PBXBuildFile; fileRef = DF153F2F180AB6EB000AE3AF /* TWBTwitterAccountsViewController.m */; };
		DF153F33180AB803000AE3AF /* TWBTwitterAccountCell.m in Sources */ = {isa = PBXBuildFile; fileRef = DF153F32180AB803000AE3AF /* TWBTwitterAccountCell.m */; };
		DF36D8DE180CD53E004B8DC7 /* TWBTwitterTimelineViewController.m in Sources */ = {isa = PBXBuildFile; fileRef = DF36D8DD180CD53E004B8DC7 /* TWBTwitterTimelineViewController.m */; };
		DF36D8E2180CD659004B8DC7 /* TWBTweetCell.m in Sources */ = {isa = PBXBuildFile; fileRef = DF36D8E1180CD659004B8DC7 /* TWBTweetCell.m */; };
		DF58590E180622FB00087C88 /* Foundation.framework in Frameworks */ = {isa = PBXBuildFile; fileRef = DF58590D180622FB00087C88 /* Foundation.framework */; };
		DF585910180622FB00087C88 /* CoreGraphics.framework in Frameworks */ = {isa = PBXBuildFile; fileRef = DF58590F180622FB00087C88 /* CoreGraphics.framework */; };
		DF585912180622FB00087C88 /* UIKit.framework in Frameworks */ = {isa = PBXBuildFile; fileRef = DF585911180622FB00087C88 /* UIKit.framework */; };
		DF585918180622FB00087C88 /* InfoPlist.strings in Resources */ = {isa = PBXBuildFile; fileRef = DF585916180622FB00087C88 /* InfoPlist.strings */; };
		DF58591A180622FB00087C88 /* main.m in Sources */ = {isa = PBXBuildFile; fileRef = DF585919180622FB00087C88 /* main.m */; };
		DF58591E180622FB00087C88 /* TWBAppDelegate.m in Sources */ = {isa = PBXBuildFile; fileRef = DF58591D180622FB00087C88 /* TWBAppDelegate.m */; };
		DF585921180622FB00087C88 /* Main.storyboard in Resources */ = {isa = PBXBuildFile; fileRef = DF58591F180622FB00087C88 /* Main.storyboard */; };
		DF585924180622FB00087C88 /* TWBTwitterViewController.m in Sources */ = {isa = PBXBuildFile; fileRef = DF585923180622FB00087C88 /* TWBTwitterViewController.m */; };
		DF585927180622FB00087C88 /* TWBFacebookViewController.m in Sources */ = {isa = PBXBuildFile; fileRef = DF585926180622FB00087C88 /* TWBFacebookViewController.m */; };
		DF585929180622FB00087C88 /* Images.xcassets in Resources */ = {isa = PBXBuildFile; fileRef = DF585928180622FB00087C88 /* Images.xcassets */; };
		DF585930180622FB00087C88 /* XCTest.framework in Frameworks */ = {isa = PBXBuildFile; fileRef = DF58592F180622FB00087C88 /* XCTest.framework */; };
		DF585931180622FB00087C88 /* Foundation.framework in Frameworks */ = {isa = PBXBuildFile; fileRef = DF58590D180622FB00087C88 /* Foundation.framework */; };
		DF585932180622FB00087C88 /* UIKit.framework in Frameworks */ = {isa = PBXBuildFile; fileRef = DF585911180622FB00087C88 /* UIKit.framework */; };
		DF58593A180622FB00087C88 /* InfoPlist.strings in Resources */ = {isa = PBXBuildFile; fileRef = DF585938180622FB00087C88 /* InfoPlist.strings */; };
		DF58593C180622FB00087C88 /* SocialFrameworkRefTests.m in Sources */ = {isa = PBXBuildFile; fileRef = DF58593B180622FB00087C88 /* SocialFrameworkRefTests.m */; };
		DF5859461806259500087C88 /* Readme.md in Resources */ = {isa = PBXBuildFile; fileRef = DF5859451806259500087C88 /* Readme.md */; };
		DF6408D7180B61DF00E9470D /* GTMNSString+HTML.m in Sources */ = {isa = PBXBuildFile; fileRef = DF6408D6180B61DF00E9470D /* GTMNSString+HTML.m */; settings = {COMPILER_FLAGS = "-fno-objc-arc"; }; };
		DF6408DB180B61FB00E9470D /* NSString+HTML.m in Sources */ = {isa = PBXBuildFile; fileRef = DF6408DA180B61FB00E9470D /* NSString+HTML.m */; settings = {COMPILER_FLAGS = "-fno-objc-arc"; }; };
		DF6408E0180B624C00E9470D /* TWBTweetObject.m in Sources */ = {isa = PBXBuildFile; fileRef = DF6408DF180B624C00E9470D /* TWBTweetObject.m */; };
		DF6408E4180B64D700E9470D /* TWBTwitterFriendsViewController.m in Sources */ = {isa = PBXBuildFile; fileRef = DF6408E3180B64D700E9470D /* TWBTwitterFriendsViewController.m */; };
		DF6408E8180B662500E9470D /* TWBFriendsCell.m in Sources */ = {isa = PBXBuildFile; fileRef = DF6408E7180B662500E9470D /* TWBFriendsCell.m */; };
		DF8556EB180D58DC0004F7C3 /* License.md in Resources */ = {isa = PBXBuildFile; fileRef = DF8556EA180D58DC0004F7C3 /* License.md */; };
		DFCD1FD0180D2ED9009B8B96 /* TWBFlickrViewController.m in Sources */ = {isa = PBXBuildFile; fileRef = DFCD1FCF180D2ED9009B8B96 /* TWBFlickrViewController.m */; };
		DFDF161B180AD4FD00F1C27A /* MBProgressHUD.m in Sources */ = {isa = PBXBuildFile; fileRef = DFDF161A180AD4FD00F1C27A /* MBProgressHUD.m */; };
		DFE68D7E180A23DF00EF6C1B /* TWBSocialHelper.m in Sources */ = {isa = PBXBuildFile; fileRef = DFE68D7D180A23DF00EF6C1B /* TWBSocialHelper.m */; };
		DFE69E4F1879605D00922284 /* .travis.yml in Resources */ = {isa = PBXBuildFile; fileRef = DFE69E4E1879605D00922284 /* .travis.yml */; };
/* End PBXBuildFile section */

/* Begin PBXContainerItemProxy section */
		DF585933180622FB00087C88 /* PBXContainerItemProxy */ = {
			isa = PBXContainerItemProxy;
			containerPortal = DF585902180622FB00087C88 /* Project object */;
			proxyType = 1;
			remoteGlobalIDString = DF585909180622FB00087C88;
			remoteInfo = SocialFrameworkRef;
		};
/* End PBXContainerItemProxy section */

/* Begin PBXFileReference section */
		DF153F2E180AB6EB000AE3AF /* TWBTwitterAccountsViewController.h */ = {isa = PBXFileReference; fileEncoding = 4; lastKnownFileType = sourcecode.c.h; path = TWBTwitterAccountsViewController.h; sourceTree = "<group>"; };
		DF153F2F180AB6EB000AE3AF /* TWBTwitterAccountsViewController.m */ = {isa = PBXFileReference; fileEncoding = 4; lastKnownFileType = sourcecode.c.objc; path = TWBTwitterAccountsViewController.m; sourceTree = "<group>"; };
		DF153F31180AB803000AE3AF /* TWBTwitterAccountCell.h */ = {isa = PBXFileReference; fileEncoding = 4; lastKnownFileType = sourcecode.c.h; path = TWBTwitterAccountCell.h; sourceTree = "<group>"; };
		DF153F32180AB803000AE3AF /* TWBTwitterAccountCell.m */ = {isa = PBXFileReference; fileEncoding = 4; lastKnownFileType = sourcecode.c.objc; path = TWBTwitterAccountCell.m; sourceTree = "<group>"; };
		DF36D8DC180CD53E004B8DC7 /* TWBTwitterTimelineViewController.h */ = {isa = PBXFileReference; fileEncoding = 4; lastKnownFileType = sourcecode.c.h; path = TWBTwitterTimelineViewController.h; sourceTree = "<group>"; };
		DF36D8DD180CD53E004B8DC7 /* TWBTwitterTimelineViewController.m */ = {isa = PBXFileReference; fileEncoding = 4; lastKnownFileType = sourcecode.c.objc; path = TWBTwitterTimelineViewController.m; sourceTree = "<group>"; };
		DF36D8E0180CD659004B8DC7 /* TWBTweetCell.h */ = {isa = PBXFileReference; fileEncoding = 4; lastKnownFileType = sourcecode.c.h; path = TWBTweetCell.h; sourceTree = "<group>"; };
		DF36D8E1180CD659004B8DC7 /* TWBTweetCell.m */ = {isa = PBXFileReference; fileEncoding = 4; lastKnownFileType = sourcecode.c.objc; path = TWBTweetCell.m; sourceTree = "<group>"; };
		DF58590A180622FB00087C88 /* SocialFrameworkRef.app */ = {isa = PBXFileReference; explicitFileType = wrapper.application; includeInIndex = 0; path = SocialFrameworkRef.app; sourceTree = BUILT_PRODUCTS_DIR; };
		DF58590D180622FB00087C88 /* Foundation.framework */ = {isa = PBXFileReference; lastKnownFileType = wrapper.framework; name = Foundation.framework; path = System/Library/Frameworks/Foundation.framework; sourceTree = SDKROOT; };
		DF58590F180622FB00087C88 /* CoreGraphics.framework */ = {isa = PBXFileReference; lastKnownFileType = wrapper.framework; name = CoreGraphics.framework; path = System/Library/Frameworks/CoreGraphics.framework; sourceTree = SDKROOT; };
		DF585911180622FB00087C88 /* UIKit.framework */ = {isa = PBXFileReference; lastKnownFileType = wrapper.framework; name = UIKit.framework; path = System/Library/Frameworks/UIKit.framework; sourceTree = SDKROOT; };
		DF585915180622FB00087C88 /* SocialFrameworkRef-Info.plist */ = {isa = PBXFileReference; lastKnownFileType = text.plist.xml; path = "SocialFrameworkRef-Info.plist"; sourceTree = "<group>"; };
		DF585917180622FB00087C88 /* en */ = {isa = PBXFileReference; lastKnownFileType = text.plist.strings; name = en; path = en.lproj/InfoPlist.strings; sourceTree = "<group>"; };
		DF585919180622FB00087C88 /* main.m */ = {isa = PBXFileReference; lastKnownFileType = sourcecode.c.objc; path = main.m; sourceTree = "<group>"; };
		DF58591B180622FB00087C88 /* SocialFrameworkRef-Prefix.pch */ = {isa = PBXFileReference; lastKnownFileType = sourcecode.c.h; path = "SocialFrameworkRef-Prefix.pch"; sourceTree = "<group>"; };
		DF58591C180622FB00087C88 /* TWBAppDelegate.h */ = {isa = PBXFileReference; lastKnownFileType = sourcecode.c.h; path = TWBAppDelegate.h; sourceTree = "<group>"; };
		DF58591D180622FB00087C88 /* TWBAppDelegate.m */ = {isa = PBXFileReference; lastKnownFileType = sourcecode.c.objc; path = TWBAppDelegate.m; sourceTree = "<group>"; };
		DF585920180622FB00087C88 /* Base */ = {isa = PBXFileReference; lastKnownFileType = file.storyboard; name = Base; path = Base.lproj/Main.storyboard; sourceTree = "<group>"; };
		DF585922180622FB00087C88 /* TWBTwitterViewController.h */ = {isa = PBXFileReference; lastKnownFileType = sourcecode.c.h; path = TWBTwitterViewController.h; sourceTree = "<group>"; };
		DF585923180622FB00087C88 /* TWBTwitterViewController.m */ = {isa = PBXFileReference; lastKnownFileType = sourcecode.c.objc; path = TWBTwitterViewController.m; sourceTree = "<group>"; };
		DF585925180622FB00087C88 /* TWBFacebookViewController.h */ = {isa = PBXFileReference; lastKnownFileType = sourcecode.c.h; path = TWBFacebookViewController.h; sourceTree = "<group>"; };
		DF585926180622FB00087C88 /* TWBFacebookViewController.m */ = {isa = PBXFileReference; lastKnownFileType = sourcecode.c.objc; path = TWBFacebookViewController.m; sourceTree = "<group>"; };
		DF585928180622FB00087C88 /* Images.xcassets */ = {isa = PBXFileReference; lastKnownFileType = folder.assetcatalog; path = Images.xcassets; sourceTree = "<group>"; };
		DF58592E180622FB00087C88 /* SocialFrameworkRefTests.xctest */ = {isa = PBXFileReference; explicitFileType = wrapper.cfbundle; includeInIndex = 0; path = SocialFrameworkRefTests.xctest; sourceTree = BUILT_PRODUCTS_DIR; };
		DF58592F180622FB00087C88 /* XCTest.framework */ = {isa = PBXFileReference; lastKnownFileType = wrapper.framework; name = XCTest.framework; path = Library/Frameworks/XCTest.framework; sourceTree = DEVELOPER_DIR; };
		DF585937180622FB00087C88 /* SocialFrameworkRefTests-Info.plist */ = {isa = PBXFileReference; lastKnownFileType = text.plist.xml; path = "SocialFrameworkRefTests-Info.plist"; sourceTree = "<group>"; };
		DF585939180622FB00087C88 /* en */ = {isa = PBXFileReference; lastKnownFileType = text.plist.strings; name = en; path = en.lproj/InfoPlist.strings; sourceTree = "<group>"; };
		DF58593B180622FB00087C88 /* SocialFrameworkRefTests.m */ = {isa = PBXFileReference; lastKnownFileType = sourcecode.c.objc; path = SocialFrameworkRefTests.m; sourceTree = "<group>"; };
		DF5859451806259500087C88 /* Readme.md */ = {isa = PBXFileReference; fileEncoding = 4; lastKnownFileType = text; path = Readme.md; sourceTree = "<group>"; };
		DF6408D4180B61DF00E9470D /* GTMDefines.h */ = {isa = PBXFileReference; fileEncoding = 4; lastKnownFileType = sourcecode.c.h; path = GTMDefines.h; sourceTree = "<group>"; };
		DF6408D5180B61DF00E9470D /* GTMNSString+HTML.h */ = {isa = PBXFileReference; fileEncoding = 4; lastKnownFileType = sourcecode.c.h; path = "GTMNSString+HTML.h"; sourceTree = "<group>"; };
		DF6408D6180B61DF00E9470D /* GTMNSString+HTML.m */ = {isa = PBXFileReference; fileEncoding = 4; lastKnownFileType = sourcecode.c.objc; path = "GTMNSString+HTML.m"; sourceTree = "<group>"; };
		DF6408D9180B61FB00E9470D /* NSString+HTML.h */ = {isa = PBXFileReference; fileEncoding = 4; lastKnownFileType = sourcecode.c.h; path = "NSString+HTML.h"; sourceTree = "<group>"; };
		DF6408DA180B61FB00E9470D /* NSString+HTML.m */ = {isa = PBXFileReference; fileEncoding = 4; lastKnownFileType = sourcecode.c.objc; path = "NSString+HTML.m"; sourceTree = "<group>"; };
		DF6408DE180B624C00E9470D /* TWBTweetObject.h */ = {isa = PBXFileReference; fileEncoding = 4; lastKnownFileType = sourcecode.c.h; path = TWBTweetObject.h; sourceTree = "<group>"; };
		DF6408DF180B624C00E9470D /* TWBTweetObject.m */ = {isa = PBXFileReference; fileEncoding = 4; lastKnownFileType = sourcecode.c.objc; path = TWBTweetObject.m; sourceTree = "<group>"; };
		DF6408E2180B64D700E9470D /* TWBTwitterFriendsViewController.h */ = {isa = PBXFileReference; fileEncoding = 4; lastKnownFileType = sourcecode.c.h; path = TWBTwitterFriendsViewController.h; sourceTree = "<group>"; };
		DF6408E3180B64D700E9470D /* TWBTwitterFriendsViewController.m */ = {isa = PBXFileReference; fileEncoding = 4; lastKnownFileType = sourcecode.c.objc; path = TWBTwitterFriendsViewController.m; sourceTree = "<group>"; };
		DF6408E6180B662500E9470D /* TWBFriendsCell.h */ = {isa = PBXFileReference; fileEncoding = 4; lastKnownFileType = sourcecode.c.h; path = TWBFriendsCell.h; sourceTree = "<group>"; };
		DF6408E7180B662500E9470D /* TWBFriendsCell.m */ = {isa = PBXFileReference; fileEncoding = 4; lastKnownFileType = sourcecode.c.objc; path = TWBFriendsCell.m; sourceTree = "<group>"; };
		DF8556EA180D58DC0004F7C3 /* License.md */ = {isa = PBXFileReference; fileEncoding = 4; lastKnownFileType = text; path = License.md; sourceTree = "<group>"; };
		DFCD1FCE180D2ED9009B8B96 /* TWBFlickrViewController.h */ = {isa = PBXFileReference; fileEncoding = 4; lastKnownFileType = sourcecode.c.h; path = TWBFlickrViewController.h; sourceTree = "<group>"; };
		DFCD1FCF180D2ED9009B8B96 /* TWBFlickrViewController.m */ = {isa = PBXFileReference; fileEncoding = 4; lastKnownFileType = sourcecode.c.objc; path = TWBFlickrViewController.m; sourceTree = "<group>"; };
		DFDF1619180AD4FD00F1C27A /* MBProgressHUD.h */ = {isa = PBXFileReference; fileEncoding = 4; lastKnownFileType = sourcecode.c.h; path = MBProgressHUD.h; sourceTree = "<group>"; };
		DFDF161A180AD4FD00F1C27A /* MBProgressHUD.m */ = {isa = PBXFileReference; fileEncoding = 4; lastKnownFileType = sourcecode.c.objc; path = MBProgressHUD.m; sourceTree = "<group>"; };
		DFE68D7C180A23DF00EF6C1B /* TWBSocialHelper.h */ = {isa = PBXFileReference; fileEncoding = 4; lastKnownFileType = sourcecode.c.h; path = TWBSocialHelper.h; sourceTree = "<group>"; };
		DFE68D7D180A23DF00EF6C1B /* TWBSocialHelper.m */ = {isa = PBXFileReference; fileEncoding = 4; lastKnownFileType = sourcecode.c.objc; path = TWBSocialHelper.m; sourceTree = "<group>"; };
		DFE69E4E1879605D00922284 /* .travis.yml */ = {isa = PBXFileReference; fileEncoding = 4; lastKnownFileType = text; path = .travis.yml; sourceTree = "<group>"; };
/* End PBXFileReference section */

/* Begin PBXFrameworksBuildPhase section */
		DF585907180622FB00087C88 /* Frameworks */ = {
			isa = PBXFrameworksBuildPhase;
			buildActionMask = 2147483647;
			files = (
				DF585910180622FB00087C88 /* CoreGraphics.framework in Frameworks */,
				DF585912180622FB00087C88 /* UIKit.framework in Frameworks */,
				DF58590E180622FB00087C88 /* Foundation.framework in Frameworks */,
			);
			runOnlyForDeploymentPostprocessing = 0;
		};
		DF58592B180622FB00087C88 /* Frameworks */ = {
			isa = PBXFrameworksBuildPhase;
			buildActionMask = 2147483647;
			files = (
				DF585930180622FB00087C88 /* XCTest.framework in Frameworks */,
				DF585932180622FB00087C88 /* UIKit.framework in Frameworks */,
				DF585931180622FB00087C88 /* Foundation.framework in Frameworks */,
			);
			runOnlyForDeploymentPostprocessing = 0;
		};
/* End PBXFrameworksBuildPhase section */

/* Begin PBXGroup section */
		DF153F2C180AB6AB000AE3AF /* 1. Twitter Methods View Controller */ = {
			isa = PBXGroup;
			children = (
				DF585922180622FB00087C88 /* TWBTwitterViewController.h */,
				DF585923180622FB00087C88 /* TWBTwitterViewController.m */,
			);
			name = "1. Twitter Methods View Controller";
			sourceTree = "<group>";
		};
		DF153F2D180AB6B6000AE3AF /* 2. Twitter Accounts View Controller */ = {
			isa = PBXGroup;
			children = (
				DF153F2E180AB6EB000AE3AF /* TWBTwitterAccountsViewController.h */,
				DF153F2F180AB6EB000AE3AF /* TWBTwitterAccountsViewController.m */,
				DF153F34180AB806000AE3AF /* 2.1 Twitter Account Cell */,
			);
			name = "2. Twitter Accounts View Controller";
			sourceTree = "<group>";
		};
		DF153F34180AB806000AE3AF /* 2.1 Twitter Account Cell */ = {
			isa = PBXGroup;
			children = (
				DF153F31180AB803000AE3AF /* TWBTwitterAccountCell.h */,
				DF153F32180AB803000AE3AF /* TWBTwitterAccountCell.m */,
			);
			name = "2.1 Twitter Account Cell";
			sourceTree = "<group>";
		};
		DF36D8DF180CD541004B8DC7 /* 4. Twitter Timeline View Controller */ = {
			isa = PBXGroup;
			children = (
				DF36D8DC180CD53E004B8DC7 /* TWBTwitterTimelineViewController.h */,
				DF36D8DD180CD53E004B8DC7 /* TWBTwitterTimelineViewController.m */,
				DF36D8E3180CD65C004B8DC7 /* 4.1 Tweet Cell */,
			);
			name = "4. Twitter Timeline View Controller";
			sourceTree = "<group>";
		};
		DF36D8E3180CD65C004B8DC7 /* 4.1 Tweet Cell */ = {
			isa = PBXGroup;
			children = (
				DF36D8E0180CD659004B8DC7 /* TWBTweetCell.h */,
				DF36D8E1180CD659004B8DC7 /* TWBTweetCell.m */,
			);
			name = "4.1 Tweet Cell";
			sourceTree = "<group>";
		};
		DF585901180622FB00087C88 = {
			isa = PBXGroup;
			children = (
				DFDF161C180AD50200F1C27A /* Third Party Classes */,
				DF585913180622FB00087C88 /* SocialFrameworkRef */,
				DF585935180622FB00087C88 /* SocialFrameworkRefTests */,
				DF58590C180622FB00087C88 /* Frameworks */,
				DF58590B180622FB00087C88 /* Products */,
				DF5859451806259500087C88 /* Readme.md */,
				DF8556EA180D58DC0004F7C3 /* License.md */,
				DFE69E4E1879605D00922284 /* .travis.yml */,
			);
			sourceTree = "<group>";
		};
		DF58590B180622FB00087C88 /* Products */ = {
			isa = PBXGroup;
			children = (
				DF58590A180622FB00087C88 /* SocialFrameworkRef.app */,
				DF58592E180622FB00087C88 /* SocialFrameworkRefTests.xctest */,
			);
			name = Products;
			sourceTree = "<group>";
		};
		DF58590C180622FB00087C88 /* Frameworks */ = {
			isa = PBXGroup;
			children = (
				DF58590D180622FB00087C88 /* Foundation.framework */,
				DF58590F180622FB00087C88 /* CoreGraphics.framework */,
				DF585911180622FB00087C88 /* UIKit.framework */,
				DF58592F180622FB00087C88 /* XCTest.framework */,
			);
			name = Frameworks;
			sourceTree = "<group>";
		};
		DF585913180622FB00087C88 /* SocialFrameworkRef */ = {
			isa = PBXGroup;
			children = (
				DF58591C180622FB00087C88 /* TWBAppDelegate.h */,
				DF58591D180622FB00087C88 /* TWBAppDelegate.m */,
				DF58591F180622FB00087C88 /* Main.storyboard */,
				DFE68D7F180A23E700EF6C1B /* Model */,
				DFE68D79180A213400EF6C1B /* View Controllers */,
				DF585928180622FB00087C88 /* Images.xcassets */,
				DF585914180622FB00087C88 /* Supporting Files */,
			);
			path = SocialFrameworkRef;
			sourceTree = "<group>";
		};
		DF585914180622FB00087C88 /* Supporting Files */ = {
			isa = PBXGroup;
			children = (
				DF585915180622FB00087C88 /* SocialFrameworkRef-Info.plist */,
				DF585916180622FB00087C88 /* InfoPlist.strings */,
				DF585919180622FB00087C88 /* main.m */,
				DF58591B180622FB00087C88 /* SocialFrameworkRef-Prefix.pch */,
			);
			name = "Supporting Files";
			sourceTree = "<group>";
		};
		DF585935180622FB00087C88 /* SocialFrameworkRefTests */ = {
			isa = PBXGroup;
			children = (
				DF58593B180622FB00087C88 /* SocialFrameworkRefTests.m */,
				DF585936180622FB00087C88 /* Supporting Files */,
			);
			path = SocialFrameworkRefTests;
			sourceTree = "<group>";
		};
		DF585936180622FB00087C88 /* Supporting Files */ = {
			isa = PBXGroup;
			children = (
				DF585937180622FB00087C88 /* SocialFrameworkRefTests-Info.plist */,
				DF585938180622FB00087C88 /* InfoPlist.strings */,
			);
			name = "Supporting Files";
			sourceTree = "<group>";
		};
		DF6408D3180B61C200E9470D /* MBProgressHUD */ = {
			isa = PBXGroup;
			children = (
				DFDF1619180AD4FD00F1C27A /* MBProgressHUD.h */,
				DFDF161A180AD4FD00F1C27A /* MBProgressHUD.m */,
			);
			name = MBProgressHUD;
			sourceTree = "<group>";
		};
		DF6408D8180B61ED00E9470D /* GTMString */ = {
			isa = PBXGroup;
			children = (
				DF6408D4180B61DF00E9470D /* GTMDefines.h */,
				DF6408D5180B61DF00E9470D /* GTMNSString+HTML.h */,
				DF6408D6180B61DF00E9470D /* GTMNSString+HTML.m */,
			);
			name = GTMString;
			sourceTree = "<group>";
		};
		DF6408DC180B620000E9470D /* NSString+HTML */ = {
			isa = PBXGroup;
			children = (
				DF6408D9180B61FB00E9470D /* NSString+HTML.h */,
				DF6408DA180B61FB00E9470D /* NSString+HTML.m */,
			);
			name = "NSString+HTML";
			sourceTree = "<group>";
		};
		DF6408DD180B623400E9470D /* TWB Social Helper */ = {
			isa = PBXGroup;
			children = (
				DFE68D7C180A23DF00EF6C1B /* TWBSocialHelper.h */,
				DFE68D7D180A23DF00EF6C1B /* TWBSocialHelper.m */,
			);
			name = "TWB Social Helper";
			sourceTree = "<group>";
		};
		DF6408E1180B633400E9470D /* TWB Tweet Object */ = {
			isa = PBXGroup;
			children = (
				DF6408DE180B624C00E9470D /* TWBTweetObject.h */,
				DF6408DF180B624C00E9470D /* TWBTweetObject.m */,
			);
			name = "TWB Tweet Object";
			sourceTree = "<group>";
		};
		DF6408E5180B64E600E9470D /* 3. Twitter Friends View Controller */ = {
			isa = PBXGroup;
			children = (
				DF6408E2180B64D700E9470D /* TWBTwitterFriendsViewController.h */,
				DF6408E3180B64D700E9470D /* TWBTwitterFriendsViewController.m */,
				DF6408E9180B662A00E9470D /* 3.1 Twitter Friends Cell */,
			);
			name = "3. Twitter Friends View Controller";
			sourceTree = "<group>";
		};
		DF6408E9180B662A00E9470D /* 3.1 Twitter Friends Cell */ = {
			isa = PBXGroup;
			children = (
				DF6408E6180B662500E9470D /* TWBFriendsCell.h */,
				DF6408E7180B662500E9470D /* TWBFriendsCell.m */,
			);
			name = "3.1 Twitter Friends Cell";
			sourceTree = "<group>";
		};
		DFCD1FD1180D2EE2009B8B96 /* Flickr */ = {
			isa = PBXGroup;
			children = (
				DFCD1FCE180D2ED9009B8B96 /* TWBFlickrViewController.h */,
				DFCD1FCF180D2ED9009B8B96 /* TWBFlickrViewController.m */,
			);
			name = Flickr;
			sourceTree = "<group>";
		};
		DFDF161C180AD50200F1C27A /* Third Party Classes */ = {
			isa = PBXGroup;
			children = (
				DF6408DC180B620000E9470D /* NSString+HTML */,
				DF6408D8180B61ED00E9470D /* GTMString */,
				DF6408D3180B61C200E9470D /* MBProgressHUD */,
			);
			name = "Third Party Classes";
			sourceTree = "<group>";
		};
		DFE68D79180A213400EF6C1B /* View Controllers */ = {
			isa = PBXGroup;
			children = (
				DFE68D7A180A213F00EF6C1B /* Twitter */,
				DFE68D7B180A214600EF6C1B /* Facebook */,
				DFCD1FD1180D2EE2009B8B96 /* Flickr */,
			);
			name = "View Controllers";
			sourceTree = "<group>";
		};
		DFE68D7A180A213F00EF6C1B /* Twitter */ = {
			isa = PBXGroup;
			children = (
				DF153F2C180AB6AB000AE3AF /* 1. Twitter Methods View Controller */,
				DF153F2D180AB6B6000AE3AF /* 2. Twitter Accounts View Controller */,
				DF6408E5180B64E600E9470D /* 3. Twitter Friends View Controller */,
				DF36D8DF180CD541004B8DC7 /* 4. Twitter Timeline View Controller */,
			);
			name = Twitter;
			sourceTree = "<group>";
		};
		DFE68D7B180A214600EF6C1B /* Facebook */ = {
			isa = PBXGroup;
			children = (
				DF585925180622FB00087C88 /* TWBFacebookViewController.h */,
				DF585926180622FB00087C88 /* TWBFacebookViewController.m */,
			);
			name = Facebook;
			sourceTree = "<group>";
		};
		DFE68D7F180A23E700EF6C1B /* Model */ = {
			isa = PBXGroup;
			children = (
				DF6408DD180B623400E9470D /* TWB Social Helper */,
				DF6408E1180B633400E9470D /* TWB Tweet Object */,
			);
			name = Model;
			sourceTree = "<group>";
		};
/* End PBXGroup section */

/* Begin PBXNativeTarget section */
		DF585909180622FB00087C88 /* SocialFrameworkRef */ = {
			isa = PBXNativeTarget;
			buildConfigurationList = DF58593F180622FB00087C88 /* Build configuration list for PBXNativeTarget "SocialFrameworkRef" */;
			buildPhases = (
				DF585906180622FB00087C88 /* Sources */,
				DF585907180622FB00087C88 /* Frameworks */,
				DF585908180622FB00087C88 /* Resources */,
			);
			buildRules = (
			);
			dependencies = (
			);
			name = SocialFrameworkRef;
			productName = SocialFrameworkRef;
			productReference = DF58590A180622FB00087C88 /* SocialFrameworkRef.app */;
			productType = "com.apple.product-type.application";
		};
		DF58592D180622FB00087C88 /* SocialFrameworkRefTests */ = {
			isa = PBXNativeTarget;
			buildConfigurationList = DF585942180622FB00087C88 /* Build configuration list for PBXNativeTarget "SocialFrameworkRefTests" */;
			buildPhases = (
				DF58592A180622FB00087C88 /* Sources */,
				DF58592B180622FB00087C88 /* Frameworks */,
				DF58592C180622FB00087C88 /* Resources */,
			);
			buildRules = (
			);
			dependencies = (
				DF585934180622FB00087C88 /* PBXTargetDependency */,
			);
			name = SocialFrameworkRefTests;
			productName = SocialFrameworkRefTests;
			productReference = DF58592E180622FB00087C88 /* SocialFrameworkRefTests.xctest */;
			productType = "com.apple.product-type.bundle.unit-test";
		};
/* End PBXNativeTarget section */

/* Begin PBXProject section */
		DF585902180622FB00087C88 /* Project object */ = {
			isa = PBXProject;
			attributes = {
				CLASSPREFIX = TWB;
				LastUpgradeCheck = 0500;
				ORGANIZATIONNAME = TheWorkingBear;
				TargetAttributes = {
					DF58592D180622FB00087C88 = {
						TestTargetID = DF585909180622FB00087C88;
					};
				};
			};
			buildConfigurationList = DF585905180622FB00087C88 /* Build configuration list for PBXProject "SocialFrameworkRef" */;
			compatibilityVersion = "Xcode 3.2";
			developmentRegion = English;
			hasScannedForEncodings = 0;
			knownRegions = (
				en,
				Base,
			);
			mainGroup = DF585901180622FB00087C88;
			productRefGroup = DF58590B180622FB00087C88 /* Products */;
			projectDirPath = "";
			projectRoot = "";
			targets = (
				DF585909180622FB00087C88 /* SocialFrameworkRef */,
				DF58592D180622FB00087C88 /* SocialFrameworkRefTests */,
			);
		};
/* End PBXProject section */

/* Begin PBXResourcesBuildPhase section */
		DF585908180622FB00087C88 /* Resources */ = {
			isa = PBXResourcesBuildPhase;
			buildActionMask = 2147483647;
			files = (
				DFE69E4F1879605D00922284 /* .travis.yml in Resources */,
				DF585929180622FB00087C88 /* Images.xcassets in Resources */,
				DF585918180622FB00087C88 /* InfoPlist.strings in Resources */,
				DF5859461806259500087C88 /* Readme.md in Resources */,
				DF585921180622FB00087C88 /* Main.storyboard in Resources */,
				DF8556EB180D58DC0004F7C3 /* License.md in Resources */,
			);
			runOnlyForDeploymentPostprocessing = 0;
		};
		DF58592C180622FB00087C88 /* Resources */ = {
			isa = PBXResourcesBuildPhase;
			buildActionMask = 2147483647;
			files = (
				DF58593A180622FB00087C88 /* InfoPlist.strings in Resources */,
			);
			runOnlyForDeploymentPostprocessing = 0;
		};
/* End PBXResourcesBuildPhase section */

/* Begin PBXSourcesBuildPhase section */
		DF585906180622FB00087C88 /* Sources */ = {
			isa = PBXSourcesBuildPhase;
			buildActionMask = 2147483647;
			files = (
				DFE68D7E180A23DF00EF6C1B /* TWBSocialHelper.m in Sources */,
				DF36D8DE180CD53E004B8DC7 /* TWBTwitterTimelineViewController.m in Sources */,
				DF153F33180AB803000AE3AF /* TWBTwitterAccountCell.m in Sources */,
				DF6408DB180B61FB00E9470D /* NSString+HTML.m in Sources */,
				DF6408D7180B61DF00E9470D /* GTMNSString+HTML.m in Sources */,
				DF585927180622FB00087C88 /* TWBFacebookViewController.m in Sources */,
				DF58591E180622FB00087C88 /* TWBAppDelegate.m in Sources */,
				DF6408E4180B64D700E9470D /* TWBTwitterFriendsViewController.m in Sources */,
				DF36D8E2180CD659004B8DC7 /* TWBTweetCell.m in Sources */,
				DF585924180622FB00087C88 /* TWBTwitterViewController.m in Sources */,
				DF6408E8180B662500E9470D /* TWBFriendsCell.m in Sources */,
				DFCD1FD0180D2ED9009B8B96 /* TWBFlickrViewController.m in Sources */,
				DF153F30180AB6EB000AE3AF /* TWBTwitterAccountsViewController.m in Sources */,
				DF58591A180622FB00087C88 /* main.m in Sources */,
				DF6408E0180B624C00E9470D /* TWBTweetObject.m in Sources */,
				DFDF161B180AD4FD00F1C27A /* MBProgressHUD.m in Sources */,
			);
			runOnlyForDeploymentPostprocessing = 0;
		};
		DF58592A180622FB00087C88 /* Sources */ = {
			isa = PBXSourcesBuildPhase;
			buildActionMask = 2147483647;
			files = (
				DF58593C180622FB00087C88 /* SocialFrameworkRefTests.m in Sources */,
			);
			runOnlyForDeploymentPostprocessing = 0;
		};
/* End PBXSourcesBuildPhase section */

/* Begin PBXTargetDependency section */
		DF585934180622FB00087C88 /* PBXTargetDependency */ = {
			isa = PBXTargetDependency;
			target = DF585909180622FB00087C88 /* SocialFrameworkRef */;
			targetProxy = DF585933180622FB00087C88 /* PBXContainerItemProxy */;
		};
/* End PBXTargetDependency section */

/* Begin PBXVariantGroup section */
		DF585916180622FB00087C88 /* InfoPlist.strings */ = {
			isa = PBXVariantGroup;
			children = (
				DF585917180622FB00087C88 /* en */,
			);
			name = InfoPlist.strings;
			sourceTree = "<group>";
		};
		DF58591F180622FB00087C88 /* Main.storyboard */ = {
			isa = PBXVariantGroup;
			children = (
				DF585920180622FB00087C88 /* Base */,
			);
			name = Main.storyboard;
			sourceTree = "<group>";
		};
		DF585938180622FB00087C88 /* InfoPlist.strings */ = {
			isa = PBXVariantGroup;
			children = (
				DF585939180622FB00087C88 /* en */,
			);
			name = InfoPlist.strings;
			sourceTree = "<group>";
		};
/* End PBXVariantGroup section */

/* Begin XCBuildConfiguration section */
		DF58593D180622FB00087C88 /* Debug */ = {
			isa = XCBuildConfiguration;
			buildSettings = {
				ALWAYS_SEARCH_USER_PATHS = NO;
				ARCHS = "$(ARCHS_STANDARD_INCLUDING_64_BIT)";
				CLANG_CXX_LANGUAGE_STANDARD = "gnu++0x";
				CLANG_CXX_LIBRARY = "libc++";
				CLANG_ENABLE_MODULES = YES;
				CLANG_ENABLE_OBJC_ARC = YES;
				CLANG_WARN_BOOL_CONVERSION = YES;
				CLANG_WARN_CONSTANT_CONVERSION = YES;
				CLANG_WARN_DIRECT_OBJC_ISA_USAGE = YES_ERROR;
				CLANG_WARN_EMPTY_BODY = YES;
				CLANG_WARN_ENUM_CONVERSION = YES;
				CLANG_WARN_INT_CONVERSION = YES;
				CLANG_WARN_OBJC_ROOT_CLASS = YES_ERROR;
				CLANG_WARN__DUPLICATE_METHOD_MATCH = YES;
				"CODE_SIGN_IDENTITY[sdk=iphoneos*]" = "iPhone Developer";
				COPY_PHASE_STRIP = NO;
				GCC_C_LANGUAGE_STANDARD = gnu99;
				GCC_DYNAMIC_NO_PIC = NO;
				GCC_OPTIMIZATION_LEVEL = 0;
				GCC_PREPROCESSOR_DEFINITIONS = (
					"DEBUG=1",
					"$(inherited)",
				);
				GCC_SYMBOLS_PRIVATE_EXTERN = NO;
				GCC_WARN_64_TO_32_BIT_CONVERSION = YES;
				GCC_WARN_ABOUT_RETURN_TYPE = YES_ERROR;
				GCC_WARN_UNDECLARED_SELECTOR = YES;
				GCC_WARN_UNINITIALIZED_AUTOS = YES;
				GCC_WARN_UNUSED_FUNCTION = YES;
				GCC_WARN_UNUSED_VARIABLE = YES;
				IPHONEOS_DEPLOYMENT_TARGET = 7.0;
				ONLY_ACTIVE_ARCH = YES;
				SDKROOT = iphoneos;
			};
			name = Debug;
		};
		DF58593E180622FB00087C88 /* Release */ = {
			isa = XCBuildConfiguration;
			buildSettings = {
				ALWAYS_SEARCH_USER_PATHS = NO;
				ARCHS = "$(ARCHS_STANDARD_INCLUDING_64_BIT)";
				CLANG_CXX_LANGUAGE_STANDARD = "gnu++0x";
				CLANG_CXX_LIBRARY = "libc++";
				CLANG_ENABLE_MODULES = YES;
				CLANG_ENABLE_OBJC_ARC = YES;
				CLANG_WARN_BOOL_CONVERSION = YES;
				CLANG_WARN_CONSTANT_CONVERSION = YES;
				CLANG_WARN_DIRECT_OBJC_ISA_USAGE = YES_ERROR;
				CLANG_WARN_EMPTY_BODY = YES;
				CLANG_WARN_ENUM_CONVERSION = YES;
				CLANG_WARN_INT_CONVERSION = YES;
				CLANG_WARN_OBJC_ROOT_CLASS = YES_ERROR;
				CLANG_WARN__DUPLICATE_METHOD_MATCH = YES;
				"CODE_SIGN_IDENTITY[sdk=iphoneos*]" = "iPhone Developer";
				COPY_PHASE_STRIP = YES;
				ENABLE_NS_ASSERTIONS = NO;
				GCC_C_LANGUAGE_STANDARD = gnu99;
				GCC_WARN_64_TO_32_BIT_CONVERSION = YES;
				GCC_WARN_ABOUT_RETURN_TYPE = YES_ERROR;
				GCC_WARN_UNDECLARED_SELECTOR = YES;
				GCC_WARN_UNINITIALIZED_AUTOS = YES;
				GCC_WARN_UNUSED_FUNCTION = YES;
				GCC_WARN_UNUSED_VARIABLE = YES;
				IPHONEOS_DEPLOYMENT_TARGET = 7.0;
				SDKROOT = iphoneos;
				VALIDATE_PRODUCT = YES;
			};
			name = Release;
		};
		DF585940180622FB00087C88 /* Debug */ = {
			isa = XCBuildConfiguration;
			buildSettings = {
				ASSETCATALOG_COMPILER_APPICON_NAME = AppIcon;
				ASSETCATALOG_COMPILER_LAUNCHIMAGE_NAME = LaunchImage;
				FRAMEWORK_SEARCH_PATHS = "";
				GCC_PRECOMPILE_PREFIX_HEADER = YES;
				GCC_PREFIX_HEADER = "SocialFrameworkRef/SocialFrameworkRef-Prefix.pch";
				INFOPLIST_FILE = "SocialFrameworkRef/SocialFrameworkRef-Info.plist";
				PRODUCT_NAME = "$(TARGET_NAME)";
				WRAPPER_EXTENSION = app;
			};
			name = Debug;
		};
		DF585941180622FB00087C88 /* Release */ = {
			isa = XCBuildConfiguration;
			buildSettings = {
				ASSETCATALOG_COMPILER_APPICON_NAME = AppIcon;
				ASSETCATALOG_COMPILER_LAUNCHIMAGE_NAME = LaunchImage;
				FRAMEWORK_SEARCH_PATHS = "";
				GCC_PRECOMPILE_PREFIX_HEADER = YES;
				GCC_PREFIX_HEADER = "SocialFrameworkRef/SocialFrameworkRef-Prefix.pch";
				INFOPLIST_FILE = "SocialFrameworkRef/SocialFrameworkRef-Info.plist";
				PRODUCT_NAME = "$(TARGET_NAME)";
				WRAPPER_EXTENSION = app;
			};
			name = Release;
		};
		DF585943180622FB00087C88 /* Debug */ = {
			isa = XCBuildConfiguration;
			buildSettings = {
				ARCHS = "$(ARCHS_STANDARD_INCLUDING_64_BIT)";
				BUNDLE_LOADER = "$(BUILT_PRODUCTS_DIR)/SocialFrameworkRef.app/SocialFrameworkRef";
				FRAMEWORK_SEARCH_PATHS = (
					"$(SDKROOT)/Developer/Library/Frameworks",
					"$(inherited)",
					"$(DEVELOPER_FRAMEWORKS_DIR)",
				);
				GCC_PRECOMPILE_PREFIX_HEADER = YES;
				GCC_PREFIX_HEADER = "SocialFrameworkRef/SocialFrameworkRef-Prefix.pch";
				GCC_PREPROCESSOR_DEFINITIONS = (
					"DEBUG=1",
					"$(inherited)",
				);
				INFOPLIST_FILE = "SocialFrameworkRefTests/SocialFrameworkRefTests-Info.plist";
				PRODUCT_NAME = "$(TARGET_NAME)";
				TEST_HOST = "$(BUNDLE_LOADER)";
				WRAPPER_EXTENSION = xctest;
			};
			name = Debug;
		};
		DF585944180622FB00087C88 /* Release */ = {
			isa = XCBuildConfiguration;
			buildSettings = {
				ARCHS = "$(ARCHS_STANDARD_INCLUDING_64_BIT)";
				BUNDLE_LOADER = "$(BUILT_PRODUCTS_DIR)/SocialFrameworkRef.app/SocialFrameworkRef";
				FRAMEWORK_SEARCH_PATHS = (
					"$(SDKROOT)/Developer/Library/Frameworks",
					"$(inherited)",
					"$(DEVELOPER_FRAMEWORKS_DIR)",
				);
				GCC_PRECOMPILE_PREFIX_HEADER = YES;
				GCC_PREFIX_HEADER = "SocialFrameworkRef/SocialFrameworkRef-Prefix.pch";
				INFOPLIST_FILE = "SocialFrameworkRefTests/SocialFrameworkRefTests-Info.plist";
				PRODUCT_NAME = "$(TARGET_NAME)";
				TEST_HOST = "$(BUNDLE_LOADER)";
				WRAPPER_EXTENSION = xctest;
			};
			name = Release;
		};
/* End XCBuildConfiguration section */

/* Begin XCConfigurationList section */
		DF585905180622FB00087C88 /* Build configuration list for PBXProject "SocialFrameworkRef" */ = {
			isa = XCConfigurationList;
			buildConfigurations = (
				DF58593D180622FB00087C88 /* Debug */,
				DF58593E180622FB00087C88 /* Release */,
			);
			defaultConfigurationIsVisible = 0;
			defaultConfigurationName = Release;
		};
		DF58593F180622FB00087C88 /* Build configuration list for PBXNativeTarget "SocialFrameworkRef" */ = {
			isa = XCConfigurationList;
			buildConfigurations = (
				DF585940180622FB00087C88 /* Debug */,
				DF585941180622FB00087C88 /* Release */,
			);
			defaultConfigurationIsVisible = 0;
			defaultConfigurationName = Release;
		};
		DF585942180622FB00087C88 /* Build configuration list for PBXNativeTarget "SocialFrameworkRefTests" */ = {
			isa = XCConfigurationList;
			buildConfigurations = (
				DF585943180622FB00087C88 /* Debug */,
				DF585944180622FB00087C88 /* Release */,
			);
			defaultConfigurationIsVisible = 0;
			defaultConfigurationName = Release;
		};
/* End XCConfigurationList section */
	};
	rootObject = DF585902180622FB00087C88 /* Project object */;
}
